// !$*UTF8*$!
{
	archiveVersion = 1;
	classes = {
	};
	objectVersion = 50;
	objects = {

/* Begin PBXBuildFile section */
		B11D46C4031B1CEB2AB4FD4E /* Pods_ExchangeApp.framework in Frameworks */ = {isa = PBXBuildFile; fileRef = 2B4006EB324135BBBCC3C1F3 /* Pods_ExchangeApp.framework */; };
		C6AAEB2B23C2F50C004D7674 /* LoginViewModel.swift in Sources */ = {isa = PBXBuildFile; fileRef = C6AAEB2A23C2F50C004D7674 /* LoginViewModel.swift */; };
		C6AAEB2D23C2F52C004D7674 /* LoginViewModelProtocol.swift in Sources */ = {isa = PBXBuildFile; fileRef = C6AAEB2C23C2F52C004D7674 /* LoginViewModelProtocol.swift */; };
		C6AAEB3023C2F975004D7674 /* moneyIntro.json in Resources */ = {isa = PBXBuildFile; fileRef = C6AAEB2F23C2F975004D7674 /* moneyIntro.json */; };
		C6C150E723C16371004AB0EE /* AppDelegate.swift in Sources */ = {isa = PBXBuildFile; fileRef = C6C150E623C16371004AB0EE /* AppDelegate.swift */; };
		C6C150E923C16371004AB0EE /* SceneDelegate.swift in Sources */ = {isa = PBXBuildFile; fileRef = C6C150E823C16371004AB0EE /* SceneDelegate.swift */; };
		C6C150EB23C16371004AB0EE /* ViewController.swift in Sources */ = {isa = PBXBuildFile; fileRef = C6C150EA23C16371004AB0EE /* ViewController.swift */; };
		C6C150EE23C16371004AB0EE /* Main.storyboard in Resources */ = {isa = PBXBuildFile; fileRef = C6C150EC23C16371004AB0EE /* Main.storyboard */; };
		C6C150F023C16375004AB0EE /* Assets.xcassets in Resources */ = {isa = PBXBuildFile; fileRef = C6C150EF23C16375004AB0EE /* Assets.xcassets */; };
		C6C150F323C16375004AB0EE /* LaunchScreen.storyboard in Resources */ = {isa = PBXBuildFile; fileRef = C6C150F123C16375004AB0EE /* LaunchScreen.storyboard */; };
		C6C1510023C2AE80004AB0EE /* ExchangeRatesAPI.swift in Sources */ = {isa = PBXBuildFile; fileRef = C6C150FF23C2AE80004AB0EE /* ExchangeRatesAPI.swift */; };
		C6C1510223C2AFAB004AB0EE /* Rates.swift in Sources */ = {isa = PBXBuildFile; fileRef = C6C1510123C2AFAB004AB0EE /* Rates.swift */; };
		C6C1510423C2B326004AB0EE /* World.swift in Sources */ = {isa = PBXBuildFile; fileRef = C6C1510323C2B326004AB0EE /* World.swift */; };
		C6C1510623C2B3BF004AB0EE /* BaseAPIConfiguration.swift in Sources */ = {isa = PBXBuildFile; fileRef = C6C1510523C2B3BF004AB0EE /* BaseAPIConfiguration.swift */; };
		C6C1510823C2B419004AB0EE /* LogInterceptor.swift in Sources */ = {isa = PBXBuildFile; fileRef = C6C1510723C2B419004AB0EE /* LogInterceptor.swift */; };
		C6C1510C23C2B511004AB0EE /* APIConfiguration.swift in Sources */ = {isa = PBXBuildFile; fileRef = C6C1510B23C2B511004AB0EE /* APIConfiguration.swift */; };
		C6C1510E23C2B555004AB0EE /* ExchangeRatesEndPoint.swift in Sources */ = {isa = PBXBuildFile; fileRef = C6C1510D23C2B555004AB0EE /* ExchangeRatesEndPoint.swift */; };
		C6C1511223C2BBB1004AB0EE /* ErrorAPI.swift in Sources */ = {isa = PBXBuildFile; fileRef = C6C1511123C2BBB1004AB0EE /* ErrorAPI.swift */; };
		C6C1511623C2E0D0004AB0EE /* RatesViewModelProtocol.swift in Sources */ = {isa = PBXBuildFile; fileRef = C6C1511523C2E0D0004AB0EE /* RatesViewModelProtocol.swift */; };
		C6C1511823C2E139004AB0EE /* RatesViewModel.swift in Sources */ = {isa = PBXBuildFile; fileRef = C6C1511723C2E139004AB0EE /* RatesViewModel.swift */; };
/* End PBXBuildFile section */

/* Begin PBXFileReference section */
		2B4006EB324135BBBCC3C1F3 /* Pods_ExchangeApp.framework */ = {isa = PBXFileReference; explicitFileType = wrapper.framework; includeInIndex = 0; path = Pods_ExchangeApp.framework; sourceTree = BUILT_PRODUCTS_DIR; };
		5DF6128380E5034A62019841 /* Pods-ExchangeApp.debug.xcconfig */ = {isa = PBXFileReference; includeInIndex = 1; lastKnownFileType = text.xcconfig; name = "Pods-ExchangeApp.debug.xcconfig"; path = "Target Support Files/Pods-ExchangeApp/Pods-ExchangeApp.debug.xcconfig"; sourceTree = "<group>"; };
		78A25CD8DAC401B904891E4A /* Pods-ExchangeApp.release.xcconfig */ = {isa = PBXFileReference; includeInIndex = 1; lastKnownFileType = text.xcconfig; name = "Pods-ExchangeApp.release.xcconfig"; path = "Target Support Files/Pods-ExchangeApp/Pods-ExchangeApp.release.xcconfig"; sourceTree = "<group>"; };
		C6AAEB2A23C2F50C004D7674 /* LoginViewModel.swift */ = {isa = PBXFileReference; lastKnownFileType = sourcecode.swift; path = LoginViewModel.swift; sourceTree = "<group>"; };
		C6AAEB2C23C2F52C004D7674 /* LoginViewModelProtocol.swift */ = {isa = PBXFileReference; lastKnownFileType = sourcecode.swift; path = LoginViewModelProtocol.swift; sourceTree = "<group>"; };
		C6AAEB2F23C2F975004D7674 /* moneyIntro.json */ = {isa = PBXFileReference; fileEncoding = 4; lastKnownFileType = text.json; path = moneyIntro.json; sourceTree = "<group>"; };
		C6C150E323C16371004AB0EE /* ExchangeApp.app */ = {isa = PBXFileReference; explicitFileType = wrapper.application; includeInIndex = 0; path = ExchangeApp.app; sourceTree = BUILT_PRODUCTS_DIR; };
		C6C150E623C16371004AB0EE /* AppDelegate.swift */ = {isa = PBXFileReference; lastKnownFileType = sourcecode.swift; path = AppDelegate.swift; sourceTree = "<group>"; };
		C6C150E823C16371004AB0EE /* SceneDelegate.swift */ = {isa = PBXFileReference; lastKnownFileType = sourcecode.swift; path = SceneDelegate.swift; sourceTree = "<group>"; };
		C6C150EA23C16371004AB0EE /* ViewController.swift */ = {isa = PBXFileReference; lastKnownFileType = sourcecode.swift; path = ViewController.swift; sourceTree = "<group>"; };
		C6C150ED23C16371004AB0EE /* Base */ = {isa = PBXFileReference; lastKnownFileType = file.storyboard; name = Base; path = Base.lproj/Main.storyboard; sourceTree = "<group>"; };
		C6C150EF23C16375004AB0EE /* Assets.xcassets */ = {isa = PBXFileReference; lastKnownFileType = folder.assetcatalog; path = Assets.xcassets; sourceTree = "<group>"; };
		C6C150F223C16375004AB0EE /* Base */ = {isa = PBXFileReference; lastKnownFileType = file.storyboard; name = Base; path = Base.lproj/LaunchScreen.storyboard; sourceTree = "<group>"; };
		C6C150F423C16375004AB0EE /* Info.plist */ = {isa = PBXFileReference; lastKnownFileType = text.plist.xml; path = Info.plist; sourceTree = "<group>"; };
		C6C150FF23C2AE80004AB0EE /* ExchangeRatesAPI.swift */ = {isa = PBXFileReference; lastKnownFileType = sourcecode.swift; path = ExchangeRatesAPI.swift; sourceTree = "<group>"; };
		C6C1510123C2AFAB004AB0EE /* Rates.swift */ = {isa = PBXFileReference; lastKnownFileType = sourcecode.swift; path = Rates.swift; sourceTree = "<group>"; };
		C6C1510323C2B326004AB0EE /* World.swift */ = {isa = PBXFileReference; lastKnownFileType = sourcecode.swift; path = World.swift; sourceTree = "<group>"; };
		C6C1510523C2B3BF004AB0EE /* BaseAPIConfiguration.swift */ = {isa = PBXFileReference; lastKnownFileType = sourcecode.swift; path = BaseAPIConfiguration.swift; sourceTree = "<group>"; };
		C6C1510723C2B419004AB0EE /* LogInterceptor.swift */ = {isa = PBXFileReference; lastKnownFileType = sourcecode.swift; path = LogInterceptor.swift; sourceTree = "<group>"; };
		C6C1510B23C2B511004AB0EE /* APIConfiguration.swift */ = {isa = PBXFileReference; lastKnownFileType = sourcecode.swift; path = APIConfiguration.swift; sourceTree = "<group>"; };
		C6C1510D23C2B555004AB0EE /* ExchangeRatesEndPoint.swift */ = {isa = PBXFileReference; lastKnownFileType = sourcecode.swift; path = ExchangeRatesEndPoint.swift; sourceTree = "<group>"; };
		C6C1511123C2BBB1004AB0EE /* ErrorAPI.swift */ = {isa = PBXFileReference; lastKnownFileType = sourcecode.swift; path = ErrorAPI.swift; sourceTree = "<group>"; };
		C6C1511523C2E0D0004AB0EE /* RatesViewModelProtocol.swift */ = {isa = PBXFileReference; lastKnownFileType = sourcecode.swift; path = RatesViewModelProtocol.swift; sourceTree = "<group>"; };
		C6C1511723C2E139004AB0EE /* RatesViewModel.swift */ = {isa = PBXFileReference; lastKnownFileType = sourcecode.swift; path = RatesViewModel.swift; sourceTree = "<group>"; };
/* End PBXFileReference section */

/* Begin PBXFrameworksBuildPhase section */
		C6C150E023C16371004AB0EE /* Frameworks */ = {
			isa = PBXFrameworksBuildPhase;
			buildActionMask = 2147483647;
			files = (
				B11D46C4031B1CEB2AB4FD4E /* Pods_ExchangeApp.framework in Frameworks */,
			);
			runOnlyForDeploymentPostprocessing = 0;
		};
/* End PBXFrameworksBuildPhase section */

/* Begin PBXGroup section */
		A88E399C2F3A19657FD7C62C /* Pods */ = {
			isa = PBXGroup;
			children = (
				5DF6128380E5034A62019841 /* Pods-ExchangeApp.debug.xcconfig */,
				78A25CD8DAC401B904891E4A /* Pods-ExchangeApp.release.xcconfig */,
			);
			path = Pods;
			sourceTree = "<group>";
		};
		B209E13096FA761F05744886 /* Frameworks */ = {
			isa = PBXGroup;
			children = (
				2B4006EB324135BBBCC3C1F3 /* Pods_ExchangeApp.framework */,
			);
			name = Frameworks;
			sourceTree = "<group>";
		};
		C6AAEB2923C2F4FC004D7674 /* Login */ = {
			isa = PBXGroup;
			children = (
				C6AAEB2A23C2F50C004D7674 /* LoginViewModel.swift */,
				C6AAEB2C23C2F52C004D7674 /* LoginViewModelProtocol.swift */,
			);
			path = Login;
			sourceTree = "<group>";
		};
		C6AAEB2E23C2F94C004D7674 /* LottieFiles */ = {
			isa = PBXGroup;
			children = (
				C6AAEB2F23C2F975004D7674 /* moneyIntro.json */,
			);
			path = LottieFiles;
			sourceTree = "<group>";
		};
		C6C150DA23C16371004AB0EE = {
			isa = PBXGroup;
			children = (
				C6C150E523C16371004AB0EE /* ExchangeApp */,
				C6C150E423C16371004AB0EE /* Products */,
				A88E399C2F3A19657FD7C62C /* Pods */,
				B209E13096FA761F05744886 /* Frameworks */,
			);
			sourceTree = "<group>";
		};
		C6C150E423C16371004AB0EE /* Products */ = {
			isa = PBXGroup;
			children = (
				C6C150E323C16371004AB0EE /* ExchangeApp.app */,
			);
			name = Products;
			sourceTree = "<group>";
		};
		C6C150E523C16371004AB0EE /* ExchangeApp */ = {
			isa = PBXGroup;
			children = (
				C6C150FD23C2ADF9004AB0EE /* Settings */,
				C6C150FB23C2ADE9004AB0EE /* Model */,
				C6C150FA23C2ADE3004AB0EE /* View */,
				C6C150FC23C2ADF0004AB0EE /* ViewModel */,
				C6C150F423C16375004AB0EE /* Info.plist */,
				C6C150EF23C16375004AB0EE /* Assets.xcassets */,
			);
			path = ExchangeApp;
			sourceTree = "<group>";
		};
		C6C150FA23C2ADE3004AB0EE /* View */ = {
			isa = PBXGroup;
			children = (
				C6C150F123C16375004AB0EE /* LaunchScreen.storyboard */,
				C6C150EC23C16371004AB0EE /* Main.storyboard */,
				C6C1511323C2E028004AB0EE /* Login */,
				C6AAEB2E23C2F94C004D7674 /* LottieFiles */,
			);
			path = View;
			sourceTree = "<group>";
		};
		C6C150FB23C2ADE9004AB0EE /* Model */ = {
			isa = PBXGroup;
			children = (
				C6C1510123C2AFAB004AB0EE /* Rates.swift */,
				C6C1510323C2B326004AB0EE /* World.swift */,
				C6C1511123C2BBB1004AB0EE /* ErrorAPI.swift */,
			);
			path = Model;
			sourceTree = "<group>";
		};
		C6C150FC23C2ADF0004AB0EE /* ViewModel */ = {
			isa = PBXGroup;
			children = (
				C6AAEB2923C2F4FC004D7674 /* Login */,
				C6C1511423C2E0AC004AB0EE /* Rates */,
				C6C150FE23C2AE27004AB0EE /* Remote */,
			);
			path = ViewModel;
			sourceTree = "<group>";
		};
		C6C150FD23C2ADF9004AB0EE /* Settings */ = {
			isa = PBXGroup;
			children = (
				C6C150E623C16371004AB0EE /* AppDelegate.swift */,
				C6C150E823C16371004AB0EE /* SceneDelegate.swift */,
				C6C1510523C2B3BF004AB0EE /* BaseAPIConfiguration.swift */,
				C6C1510723C2B419004AB0EE /* LogInterceptor.swift */,
				C6C1510B23C2B511004AB0EE /* APIConfiguration.swift */,
			);
			path = Settings;
			sourceTree = "<group>";
		};
		C6C150FE23C2AE27004AB0EE /* Remote */ = {
			isa = PBXGroup;
			children = (
				C6C150FF23C2AE80004AB0EE /* ExchangeRatesAPI.swift */,
				C6C1510D23C2B555004AB0EE /* ExchangeRatesEndPoint.swift */,
			);
			path = Remote;
			sourceTree = "<group>";
		};
		C6C1511323C2E028004AB0EE /* Login */ = {
			isa = PBXGroup;
			children = (
				C6C150EA23C16371004AB0EE /* ViewController.swift */,
			);
			path = Login;
			sourceTree = "<group>";
		};
		C6C1511423C2E0AC004AB0EE /* Rates */ = {
			isa = PBXGroup;
			children = (
				C6C1511523C2E0D0004AB0EE /* RatesViewModelProtocol.swift */,
				C6C1511723C2E139004AB0EE /* RatesViewModel.swift */,
			);
			path = Rates;
			sourceTree = "<group>";
		};
/* End PBXGroup section */

/* Begin PBXNativeTarget section */
		C6C150E223C16371004AB0EE /* ExchangeApp */ = {
			isa = PBXNativeTarget;
			buildConfigurationList = C6C150F723C16375004AB0EE /* Build configuration list for PBXNativeTarget "ExchangeApp" */;
			buildPhases = (
				4B05DCB72B5E4D37F17F4ACA /* [CP] Check Pods Manifest.lock */,
				C6C150DF23C16371004AB0EE /* Sources */,
				C6C150E023C16371004AB0EE /* Frameworks */,
				C6C150E123C16371004AB0EE /* Resources */,
				5376E86553AFB11C6234AF35 /* [CP] Embed Pods Frameworks */,
			);
			buildRules = (
			);
			dependencies = (
			);
			name = ExchangeApp;
			productName = ExchangeApp;
			productReference = C6C150E323C16371004AB0EE /* ExchangeApp.app */;
			productType = "com.apple.product-type.application";
		};
/* End PBXNativeTarget section */

/* Begin PBXProject section */
		C6C150DB23C16371004AB0EE /* Project object */ = {
			isa = PBXProject;
			attributes = {
				LastSwiftUpdateCheck = 1130;
				LastUpgradeCheck = 1130;
				ORGANIZATIONNAME = "Paulo Atavila";
				TargetAttributes = {
					C6C150E223C16371004AB0EE = {
						CreatedOnToolsVersion = 11.3;
					};
				};
			};
			buildConfigurationList = C6C150DE23C16371004AB0EE /* Build configuration list for PBXProject "ExchangeApp" */;
			compatibilityVersion = "Xcode 9.3";
			developmentRegion = en;
			hasScannedForEncodings = 0;
			knownRegions = (
				en,
				Base,
			);
			mainGroup = C6C150DA23C16371004AB0EE;
			productRefGroup = C6C150E423C16371004AB0EE /* Products */;
			projectDirPath = "";
			projectRoot = "";
			targets = (
				C6C150E223C16371004AB0EE /* ExchangeApp */,
			);
		};
/* End PBXProject section */

/* Begin PBXResourcesBuildPhase section */
		C6C150E123C16371004AB0EE /* Resources */ = {
			isa = PBXResourcesBuildPhase;
			buildActionMask = 2147483647;
			files = (
				C6C150F323C16375004AB0EE /* LaunchScreen.storyboard in Resources */,
				C6C150F023C16375004AB0EE /* Assets.xcassets in Resources */,
				C6C150EE23C16371004AB0EE /* Main.storyboard in Resources */,
				C6AAEB3023C2F975004D7674 /* moneyIntro.json in Resources */,
			);
			runOnlyForDeploymentPostprocessing = 0;
		};
/* End PBXResourcesBuildPhase section */

/* Begin PBXShellScriptBuildPhase section */
		4B05DCB72B5E4D37F17F4ACA /* [CP] Check Pods Manifest.lock */ = {
			isa = PBXShellScriptBuildPhase;
			buildActionMask = 2147483647;
			files = (
			);
			inputFileListPaths = (
			);
			inputPaths = (
				"${PODS_PODFILE_DIR_PATH}/Podfile.lock",
				"${PODS_ROOT}/Manifest.lock",
			);
			name = "[CP] Check Pods Manifest.lock";
			outputFileListPaths = (
			);
			outputPaths = (
				"$(DERIVED_FILE_DIR)/Pods-ExchangeApp-checkManifestLockResult.txt",
			);
			runOnlyForDeploymentPostprocessing = 0;
			shellPath = /bin/sh;
			shellScript = "diff \"${PODS_PODFILE_DIR_PATH}/Podfile.lock\" \"${PODS_ROOT}/Manifest.lock\" > /dev/null\nif [ $? != 0 ] ; then\n    # print error to STDERR\n    echo \"error: The sandbox is not in sync with the Podfile.lock. Run 'pod install' or update your CocoaPods installation.\" >&2\n    exit 1\nfi\n# This output is used by Xcode 'outputs' to avoid re-running this script phase.\necho \"SUCCESS\" > \"${SCRIPT_OUTPUT_FILE_0}\"\n";
			showEnvVarsInLog = 0;
		};
		5376E86553AFB11C6234AF35 /* [CP] Embed Pods Frameworks */ = {
			isa = PBXShellScriptBuildPhase;
			buildActionMask = 2147483647;
			files = (
			);
			inputFileListPaths = (
			);
			inputPaths = (
				"${PODS_ROOT}/Target Support Files/Pods-ExchangeApp/Pods-ExchangeApp-frameworks.sh",
				"${BUILT_PRODUCTS_DIR}/Alamofire/Alamofire.framework",
				"${BUILT_PRODUCTS_DIR}/RxAtomic/RxAtomic.framework",
				"${BUILT_PRODUCTS_DIR}/RxCocoa/RxCocoa.framework",
				"${BUILT_PRODUCTS_DIR}/RxSwift/RxSwift.framework",
				"${BUILT_PRODUCTS_DIR}/lottie-ios/Lottie.framework",
			);
			name = "[CP] Embed Pods Frameworks";
			outputFileListPaths = (
			);
			outputPaths = (
				"${TARGET_BUILD_DIR}/${FRAMEWORKS_FOLDER_PATH}/Alamofire.framework",
				"${TARGET_BUILD_DIR}/${FRAMEWORKS_FOLDER_PATH}/RxAtomic.framework",
				"${TARGET_BUILD_DIR}/${FRAMEWORKS_FOLDER_PATH}/RxCocoa.framework",
				"${TARGET_BUILD_DIR}/${FRAMEWORKS_FOLDER_PATH}/RxSwift.framework",
				"${TARGET_BUILD_DIR}/${FRAMEWORKS_FOLDER_PATH}/Lottie.framework",
			);
			runOnlyForDeploymentPostprocessing = 0;
			shellPath = /bin/sh;
			shellScript = "\"${PODS_ROOT}/Target Support Files/Pods-ExchangeApp/Pods-ExchangeApp-frameworks.sh\"\n";
			showEnvVarsInLog = 0;
		};
/* End PBXShellScriptBuildPhase section */

/* Begin PBXSourcesBuildPhase section */
		C6C150DF23C16371004AB0EE /* Sources */ = {
			isa = PBXSourcesBuildPhase;
			buildActionMask = 2147483647;
			files = (
				C6AAEB2B23C2F50C004D7674 /* LoginViewModel.swift in Sources */,
				C6C1510823C2B419004AB0EE /* LogInterceptor.swift in Sources */,
				C6C1510E23C2B555004AB0EE /* ExchangeRatesEndPoint.swift in Sources */,
				C6AAEB2D23C2F52C004D7674 /* LoginViewModelProtocol.swift in Sources */,
				C6C1511823C2E139004AB0EE /* RatesViewModel.swift in Sources */,
				C6C1510423C2B326004AB0EE /* World.swift in Sources */,
				C6C1511223C2BBB1004AB0EE /* ErrorAPI.swift in Sources */,
				C6C150EB23C16371004AB0EE /* ViewController.swift in Sources */,
				C6C1510223C2AFAB004AB0EE /* Rates.swift in Sources */,
				C6C1510C23C2B511004AB0EE /* APIConfiguration.swift in Sources */,
				C6C1510023C2AE80004AB0EE /* ExchangeRatesAPI.swift in Sources */,
				C6C1511623C2E0D0004AB0EE /* RatesViewModelProtocol.swift in Sources */,
				C6C150E723C16371004AB0EE /* AppDelegate.swift in Sources */,
				C6C1510623C2B3BF004AB0EE /* BaseAPIConfiguration.swift in Sources */,
				C6C150E923C16371004AB0EE /* SceneDelegate.swift in Sources */,
			);
			runOnlyForDeploymentPostprocessing = 0;
		};
/* End PBXSourcesBuildPhase section */

/* Begin PBXVariantGroup section */
		C6C150EC23C16371004AB0EE /* Main.storyboard */ = {
			isa = PBXVariantGroup;
			children = (
				C6C150ED23C16371004AB0EE /* Base */,
			);
			name = Main.storyboard;
			sourceTree = "<group>";
		};
		C6C150F123C16375004AB0EE /* LaunchScreen.storyboard */ = {
			isa = PBXVariantGroup;
			children = (
				C6C150F223C16375004AB0EE /* Base */,
			);
			name = LaunchScreen.storyboard;
			sourceTree = "<group>";
		};
/* End PBXVariantGroup section */

/* Begin XCBuildConfiguration section */
		C6C150F523C16375004AB0EE /* Debug */ = {
			isa = XCBuildConfiguration;
			buildSettings = {
				ALWAYS_SEARCH_USER_PATHS = NO;
				CLANG_ANALYZER_NONNULL = YES;
				CLANG_ANALYZER_NUMBER_OBJECT_CONVERSION = YES_AGGRESSIVE;
				CLANG_CXX_LANGUAGE_STANDARD = "gnu++14";
				CLANG_CXX_LIBRARY = "libc++";
				CLANG_ENABLE_MODULES = YES;
				CLANG_ENABLE_OBJC_ARC = YES;
				CLANG_ENABLE_OBJC_WEAK = YES;
				CLANG_WARN_BLOCK_CAPTURE_AUTORELEASING = YES;
				CLANG_WARN_BOOL_CONVERSION = YES;
				CLANG_WARN_COMMA = YES;
				CLANG_WARN_CONSTANT_CONVERSION = YES;
				CLANG_WARN_DEPRECATED_OBJC_IMPLEMENTATIONS = YES;
				CLANG_WARN_DIRECT_OBJC_ISA_USAGE = YES_ERROR;
				CLANG_WARN_DOCUMENTATION_COMMENTS = YES;
				CLANG_WARN_EMPTY_BODY = YES;
				CLANG_WARN_ENUM_CONVERSION = YES;
				CLANG_WARN_INFINITE_RECURSION = YES;
				CLANG_WARN_INT_CONVERSION = YES;
				CLANG_WARN_NON_LITERAL_NULL_CONVERSION = YES;
				CLANG_WARN_OBJC_IMPLICIT_RETAIN_SELF = YES;
				CLANG_WARN_OBJC_LITERAL_CONVERSION = YES;
				CLANG_WARN_OBJC_ROOT_CLASS = YES_ERROR;
				CLANG_WARN_RANGE_LOOP_ANALYSIS = YES;
				CLANG_WARN_STRICT_PROTOTYPES = YES;
				CLANG_WARN_SUSPICIOUS_MOVE = YES;
				CLANG_WARN_UNGUARDED_AVAILABILITY = YES_AGGRESSIVE;
				CLANG_WARN_UNREACHABLE_CODE = YES;
				CLANG_WARN__DUPLICATE_METHOD_MATCH = YES;
				COPY_PHASE_STRIP = NO;
				DEBUG_INFORMATION_FORMAT = dwarf;
				ENABLE_STRICT_OBJC_MSGSEND = YES;
				ENABLE_TESTABILITY = YES;
				GCC_C_LANGUAGE_STANDARD = gnu11;
				GCC_DYNAMIC_NO_PIC = NO;
				GCC_NO_COMMON_BLOCKS = YES;
				GCC_OPTIMIZATION_LEVEL = 0;
				GCC_PREPROCESSOR_DEFINITIONS = (
					"DEBUG=1",
					"$(inherited)",
				);
				GCC_WARN_64_TO_32_BIT_CONVERSION = YES;
				GCC_WARN_ABOUT_RETURN_TYPE = YES_ERROR;
				GCC_WARN_UNDECLARED_SELECTOR = YES;
				GCC_WARN_UNINITIALIZED_AUTOS = YES_AGGRESSIVE;
				GCC_WARN_UNUSED_FUNCTION = YES;
				GCC_WARN_UNUSED_VARIABLE = YES;
				IPHONEOS_DEPLOYMENT_TARGET = 13.2;
				MTL_ENABLE_DEBUG_INFO = INCLUDE_SOURCE;
				MTL_FAST_MATH = YES;
				ONLY_ACTIVE_ARCH = YES;
				SDKROOT = iphoneos;
				SWIFT_ACTIVE_COMPILATION_CONDITIONS = DEBUG;
				SWIFT_OPTIMIZATION_LEVEL = "-Onone";
			};
			name = Debug;
		};
		C6C150F623C16375004AB0EE /* Release */ = {
			isa = XCBuildConfiguration;
			buildSettings = {
				ALWAYS_SEARCH_USER_PATHS = NO;
				CLANG_ANALYZER_NONNULL = YES;
				CLANG_ANALYZER_NUMBER_OBJECT_CONVERSION = YES_AGGRESSIVE;
				CLANG_CXX_LANGUAGE_STANDARD = "gnu++14";
				CLANG_CXX_LIBRARY = "libc++";
				CLANG_ENABLE_MODULES = YES;
				CLANG_ENABLE_OBJC_ARC = YES;
				CLANG_ENABLE_OBJC_WEAK = YES;
				CLANG_WARN_BLOCK_CAPTURE_AUTORELEASING = YES;
				CLANG_WARN_BOOL_CONVERSION = YES;
				CLANG_WARN_COMMA = YES;
				CLANG_WARN_CONSTANT_CONVERSION = YES;
				CLANG_WARN_DEPRECATED_OBJC_IMPLEMENTATIONS = YES;
				CLANG_WARN_DIRECT_OBJC_ISA_USAGE = YES_ERROR;
				CLANG_WARN_DOCUMENTATION_COMMENTS = YES;
				CLANG_WARN_EMPTY_BODY = YES;
				CLANG_WARN_ENUM_CONVERSION = YES;
				CLANG_WARN_INFINITE_RECURSION = YES;
				CLANG_WARN_INT_CONVERSION = YES;
				CLANG_WARN_NON_LITERAL_NULL_CONVERSION = YES;
				CLANG_WARN_OBJC_IMPLICIT_RETAIN_SELF = YES;
				CLANG_WARN_OBJC_LITERAL_CONVERSION = YES;
				CLANG_WARN_OBJC_ROOT_CLASS = YES_ERROR;
				CLANG_WARN_RANGE_LOOP_ANALYSIS = YES;
				CLANG_WARN_STRICT_PROTOTYPES = YES;
				CLANG_WARN_SUSPICIOUS_MOVE = YES;
				CLANG_WARN_UNGUARDED_AVAILABILITY = YES_AGGRESSIVE;
				CLANG_WARN_UNREACHABLE_CODE = YES;
				CLANG_WARN__DUPLICATE_METHOD_MATCH = YES;
				COPY_PHASE_STRIP = NO;
				DEBUG_INFORMATION_FORMAT = "dwarf-with-dsym";
				ENABLE_NS_ASSERTIONS = NO;
				ENABLE_STRICT_OBJC_MSGSEND = YES;
				GCC_C_LANGUAGE_STANDARD = gnu11;
				GCC_NO_COMMON_BLOCKS = YES;
				GCC_WARN_64_TO_32_BIT_CONVERSION = YES;
				GCC_WARN_ABOUT_RETURN_TYPE = YES_ERROR;
				GCC_WARN_UNDECLARED_SELECTOR = YES;
				GCC_WARN_UNINITIALIZED_AUTOS = YES_AGGRESSIVE;
				GCC_WARN_UNUSED_FUNCTION = YES;
				GCC_WARN_UNUSED_VARIABLE = YES;
				IPHONEOS_DEPLOYMENT_TARGET = 13.2;
				MTL_ENABLE_DEBUG_INFO = NO;
				MTL_FAST_MATH = YES;
				SDKROOT = iphoneos;
				SWIFT_COMPILATION_MODE = wholemodule;
				SWIFT_OPTIMIZATION_LEVEL = "-O";
				VALIDATE_PRODUCT = YES;
			};
			name = Release;
		};
		C6C150F823C16375004AB0EE /* Debug */ = {
			isa = XCBuildConfiguration;
			baseConfigurationReference = 5DF6128380E5034A62019841 /* Pods-ExchangeApp.debug.xcconfig */;
			buildSettings = {
				ASSETCATALOG_COMPILER_APPICON_NAME = AppIcon;
				CODE_SIGN_STYLE = Automatic;
				DEVELOPMENT_TEAM = N6296265YS;
				INFOPLIST_FILE = ExchangeApp/Info.plist;
				IPHONEOS_DEPLOYMENT_TARGET = 13.0;
				LD_RUNPATH_SEARCH_PATHS = (
					"$(inherited)",
					"@executable_path/Frameworks",
				);
				PRODUCT_BUNDLE_IDENTIFIER = com.pauloatavila.ExchangeApp;
				PRODUCT_NAME = "$(TARGET_NAME)";
				SWIFT_VERSION = 5.0;
				TARGETED_DEVICE_FAMILY = "1,2";
			};
			name = Debug;
		};
		C6C150F923C16375004AB0EE /* Release */ = {
			isa = XCBuildConfiguration;
			baseConfigurationReference = 78A25CD8DAC401B904891E4A /* Pods-ExchangeApp.release.xcconfig */;
			buildSettings = {
				ASSETCATALOG_COMPILER_APPICON_NAME = AppIcon;
				CODE_SIGN_STYLE = Automatic;
				DEVELOPMENT_TEAM = N6296265YS;
				INFOPLIST_FILE = ExchangeApp/Info.plist;
				IPHONEOS_DEPLOYMENT_TARGET = 13.0;
				LD_RUNPATH_SEARCH_PATHS = (
					"$(inherited)",
					"@executable_path/Frameworks",
				);
				PRODUCT_BUNDLE_IDENTIFIER = com.pauloatavila.ExchangeApp;
				PRODUCT_NAME = "$(TARGET_NAME)";
				SWIFT_VERSION = 5.0;
				TARGETED_DEVICE_FAMILY = "1,2";
			};
			name = Release;
		};
/* End XCBuildConfiguration section */

/* Begin XCConfigurationList section */
		C6C150DE23C16371004AB0EE /* Build configuration list for PBXProject "ExchangeApp" */ = {
			isa = XCConfigurationList;
			buildConfigurations = (
				C6C150F523C16375004AB0EE /* Debug */,
				C6C150F623C16375004AB0EE /* Release */,
			);
			defaultConfigurationIsVisible = 0;
			defaultConfigurationName = Release;
		};
		C6C150F723C16375004AB0EE /* Build configuration list for PBXNativeTarget "ExchangeApp" */ = {
			isa = XCConfigurationList;
			buildConfigurations = (
				C6C150F823C16375004AB0EE /* Debug */,
				C6C150F923C16375004AB0EE /* Release */,
			);
			defaultConfigurationIsVisible = 0;
			defaultConfigurationName = Release;
		};
/* End XCConfigurationList section */
	};
	rootObject = C6C150DB23C16371004AB0EE /* Project object */;
}
